// !$*UTF8*$!
{
	archiveVersion = 1;
	classes = {
	};
	objectVersion = 46;
	objects = {

/* Begin PBXBuildFile section */
		1A145EA01E76500F00D532A3 /* JMGenerateQRCodeVC.m in Sources */ = {isa = PBXBuildFile; fileRef = 1A145E9F1E76500F00D532A3 /* JMGenerateQRCodeVC.m */; };
		1A145EA31E76527100D532A3 /* JMScanningQRCodeVC.m in Sources */ = {isa = PBXBuildFile; fileRef = 1A145EA21E76527100D532A3 /* JMScanningQRCodeVC.m */; };
		1A145EA61E766B1800D532A3 /* JMScanningResultVC.m in Sources */ = {isa = PBXBuildFile; fileRef = 1A145EA51E766B1800D532A3 /* JMScanningResultVC.m */; };
		1A3362041E783051006802E7 /* JMGenerateQRCodeUtils.m in Sources */ = {isa = PBXBuildFile; fileRef = 1A3361FF1E783051006802E7 /* JMGenerateQRCodeUtils.m */; };
		1A3362051E783051006802E7 /* JMScanningQRCodeUtils.m in Sources */ = {isa = PBXBuildFile; fileRef = 1A3362011E783051006802E7 /* JMScanningQRCodeUtils.m */; };
		1A3362061E783051006802E7 /* JMScanningQRCodeView.m in Sources */ = {isa = PBXBuildFile; fileRef = 1A3362031E783051006802E7 /* JMScanningQRCodeView.m */; };
		1A8884541E7523C000D97EA4 /* main.m in Sources */ = {isa = PBXBuildFile; fileRef = 1A8884531E7523C000D97EA4 /* main.m */; };
		1A8884571E7523C000D97EA4 /* AppDelegate.m in Sources */ = {isa = PBXBuildFile; fileRef = 1A8884561E7523C000D97EA4 /* AppDelegate.m */; };
		1A88845A1E7523C000D97EA4 /* ViewController.m in Sources */ = {isa = PBXBuildFile; fileRef = 1A8884591E7523C000D97EA4 /* ViewController.m */; };
		1A88845D1E7523C000D97EA4 /* Main.storyboard in Resources */ = {isa = PBXBuildFile; fileRef = 1A88845B1E7523C000D97EA4 /* Main.storyboard */; };
		1A88845F1E7523C000D97EA4 /* Assets.xcassets in Resources */ = {isa = PBXBuildFile; fileRef = 1A88845E1E7523C000D97EA4 /* Assets.xcassets */; };
		1A8884621E7523C000D97EA4 /* LaunchScreen.storyboard in Resources */ = {isa = PBXBuildFile; fileRef = 1A8884601E7523C000D97EA4 /* LaunchScreen.storyboard */; };
		1A88846D1E7523C100D97EA4 /* JMQRCodeDemoTests.m in Sources */ = {isa = PBXBuildFile; fileRef = 1A88846C1E7523C100D97EA4 /* JMQRCodeDemoTests.m */; };
		1A8884781E7523C100D97EA4 /* JMQRCodeDemoUITests.m in Sources */ = {isa = PBXBuildFile; fileRef = 1A8884771E7523C100D97EA4 /* JMQRCodeDemoUITests.m */; };
		1A8884F31E78207100D97EA4 /* JMQRCodeLoadView.m in Sources */ = {isa = PBXBuildFile; fileRef = 1A8884F21E78207100D97EA4 /* JMQRCodeLoadView.m */; };
/* End PBXBuildFile section */

/* Begin PBXContainerItemProxy section */
		1A8884691E7523C100D97EA4 /* PBXContainerItemProxy */ = {
			isa = PBXContainerItemProxy;
			containerPortal = 1A8884471E7523C000D97EA4 /* Project object */;
			proxyType = 1;
			remoteGlobalIDString = 1A88844E1E7523C000D97EA4;
			remoteInfo = JMQRCodeDemo;
		};
		1A8884741E7523C100D97EA4 /* PBXContainerItemProxy */ = {
			isa = PBXContainerItemProxy;
			containerPortal = 1A8884471E7523C000D97EA4 /* Project object */;
			proxyType = 1;
			remoteGlobalIDString = 1A88844E1E7523C000D97EA4;
			remoteInfo = JMQRCodeDemo;
		};
/* End PBXContainerItemProxy section */

/* Begin PBXFileReference section */
		1A145E9E1E76500F00D532A3 /* JMGenerateQRCodeVC.h */ = {isa = PBXFileReference; fileEncoding = 4; lastKnownFileType = sourcecode.c.h; path = JMGenerateQRCodeVC.h; sourceTree = "<group>"; };
		1A145E9F1E76500F00D532A3 /* JMGenerateQRCodeVC.m */ = {isa = PBXFileReference; fileEncoding = 4; lastKnownFileType = sourcecode.c.objc; path = JMGenerateQRCodeVC.m; sourceTree = "<group>"; };
		1A145EA11E76527100D532A3 /* JMScanningQRCodeVC.h */ = {isa = PBXFileReference; fileEncoding = 4; lastKnownFileType = sourcecode.c.h; path = JMScanningQRCodeVC.h; sourceTree = "<group>"; };
		1A145EA21E76527100D532A3 /* JMScanningQRCodeVC.m */ = {isa = PBXFileReference; fileEncoding = 4; lastKnownFileType = sourcecode.c.objc; path = JMScanningQRCodeVC.m; sourceTree = "<group>"; };
		1A145EA41E766B1800D532A3 /* JMScanningResultVC.h */ = {isa = PBXFileReference; fileEncoding = 4; lastKnownFileType = sourcecode.c.h; path = JMScanningResultVC.h; sourceTree = "<group>"; };
		1A145EA51E766B1800D532A3 /* JMScanningResultVC.m */ = {isa = PBXFileReference; fileEncoding = 4; lastKnownFileType = sourcecode.c.objc; path = JMScanningResultVC.m; sourceTree = "<group>"; };
		1A3361FE1E783051006802E7 /* JMGenerateQRCodeUtils.h */ = {isa = PBXFileReference; fileEncoding = 4; lastKnownFileType = sourcecode.c.h; path = JMGenerateQRCodeUtils.h; sourceTree = "<group>"; };
		1A3361FF1E783051006802E7 /* JMGenerateQRCodeUtils.m */ = {isa = PBXFileReference; fileEncoding = 4; lastKnownFileType = sourcecode.c.objc; path = JMGenerateQRCodeUtils.m; sourceTree = "<group>"; };
		1A3362001E783051006802E7 /* JMScanningQRCodeUtils.h */ = {isa = PBXFileReference; fileEncoding = 4; lastKnownFileType = sourcecode.c.h; path = JMScanningQRCodeUtils.h; sourceTree = "<group>"; };
		1A3362011E783051006802E7 /* JMScanningQRCodeUtils.m */ = {isa = PBXFileReference; fileEncoding = 4; lastKnownFileType = sourcecode.c.objc; path = JMScanningQRCodeUtils.m; sourceTree = "<group>"; };
		1A3362021E783051006802E7 /* JMScanningQRCodeView.h */ = {isa = PBXFileReference; fileEncoding = 4; lastKnownFileType = sourcecode.c.h; path = JMScanningQRCodeView.h; sourceTree = "<group>"; };
		1A3362031E783051006802E7 /* JMScanningQRCodeView.m */ = {isa = PBXFileReference; fileEncoding = 4; lastKnownFileType = sourcecode.c.objc; path = JMScanningQRCodeView.m; sourceTree = "<group>"; };
		1A88844F1E7523C000D97EA4 /* JMQRCodeDemo.app */ = {isa = PBXFileReference; explicitFileType = wrapper.application; includeInIndex = 0; path = JMQRCodeDemo.app; sourceTree = BUILT_PRODUCTS_DIR; };
		1A8884531E7523C000D97EA4 /* main.m */ = {isa = PBXFileReference; lastKnownFileType = sourcecode.c.objc; path = main.m; sourceTree = "<group>"; };
		1A8884551E7523C000D97EA4 /* AppDelegate.h */ = {isa = PBXFileReference; lastKnownFileType = sourcecode.c.h; path = AppDelegate.h; sourceTree = "<group>"; };
		1A8884561E7523C000D97EA4 /* AppDelegate.m */ = {isa = PBXFileReference; lastKnownFileType = sourcecode.c.objc; path = AppDelegate.m; sourceTree = "<group>"; };
		1A8884581E7523C000D97EA4 /* ViewController.h */ = {isa = PBXFileReference; lastKnownFileType = sourcecode.c.h; path = ViewController.h; sourceTree = "<group>"; };
		1A8884591E7523C000D97EA4 /* ViewController.m */ = {isa = PBXFileReference; lastKnownFileType = sourcecode.c.objc; path = ViewController.m; sourceTree = "<group>"; };
		1A88845C1E7523C000D97EA4 /* Base */ = {isa = PBXFileReference; lastKnownFileType = file.storyboard; name = Base; path = Base.lproj/Main.storyboard; sourceTree = "<group>"; };
		1A88845E1E7523C000D97EA4 /* Assets.xcassets */ = {isa = PBXFileReference; lastKnownFileType = folder.assetcatalog; path = Assets.xcassets; sourceTree = "<group>"; };
		1A8884611E7523C000D97EA4 /* Base */ = {isa = PBXFileReference; lastKnownFileType = file.storyboard; name = Base; path = Base.lproj/LaunchScreen.storyboard; sourceTree = "<group>"; };
		1A8884631E7523C000D97EA4 /* Info.plist */ = {isa = PBXFileReference; lastKnownFileType = text.plist.xml; path = Info.plist; sourceTree = "<group>"; };
		1A8884681E7523C100D97EA4 /* JMQRCodeDemoTests.xctest */ = {isa = PBXFileReference; explicitFileType = wrapper.cfbundle; includeInIndex = 0; path = JMQRCodeDemoTests.xctest; sourceTree = BUILT_PRODUCTS_DIR; };
		1A88846C1E7523C100D97EA4 /* JMQRCodeDemoTests.m */ = {isa = PBXFileReference; lastKnownFileType = sourcecode.c.objc; path = JMQRCodeDemoTests.m; sourceTree = "<group>"; };
		1A88846E1E7523C100D97EA4 /* Info.plist */ = {isa = PBXFileReference; lastKnownFileType = text.plist.xml; path = Info.plist; sourceTree = "<group>"; };
		1A8884731E7523C100D97EA4 /* JMQRCodeDemoUITests.xctest */ = {isa = PBXFileReference; explicitFileType = wrapper.cfbundle; includeInIndex = 0; path = JMQRCodeDemoUITests.xctest; sourceTree = BUILT_PRODUCTS_DIR; };
		1A8884771E7523C100D97EA4 /* JMQRCodeDemoUITests.m */ = {isa = PBXFileReference; lastKnownFileType = sourcecode.c.objc; path = JMQRCodeDemoUITests.m; sourceTree = "<group>"; };
		1A8884791E7523C100D97EA4 /* Info.plist */ = {isa = PBXFileReference; lastKnownFileType = text.plist.xml; path = Info.plist; sourceTree = "<group>"; };
		1A88848D1E752A7300D97EA4 /* UIKit.framework */ = {isa = PBXFileReference; lastKnownFileType = wrapper.framework; name = UIKit.framework; path = System/Library/Frameworks/UIKit.framework; sourceTree = SDKROOT; };
		1A8884F11E78207100D97EA4 /* JMQRCodeLoadView.h */ = {isa = PBXFileReference; fileEncoding = 4; lastKnownFileType = sourcecode.c.h; path = JMQRCodeLoadView.h; sourceTree = "<group>"; };
		1A8884F21E78207100D97EA4 /* JMQRCodeLoadView.m */ = {isa = PBXFileReference; fileEncoding = 4; lastKnownFileType = sourcecode.c.objc; path = JMQRCodeLoadView.m; sourceTree = "<group>"; };
/* End PBXFileReference section */

/* Begin PBXFrameworksBuildPhase section */
		1A88844C1E7523C000D97EA4 /* Frameworks */ = {
			isa = PBXFrameworksBuildPhase;
			buildActionMask = 2147483647;
			files = (
			);
			runOnlyForDeploymentPostprocessing = 0;
		};
		1A8884651E7523C100D97EA4 /* Frameworks */ = {
			isa = PBXFrameworksBuildPhase;
			buildActionMask = 2147483647;
			files = (
			);
			runOnlyForDeploymentPostprocessing = 0;
		};
		1A8884701E7523C100D97EA4 /* Frameworks */ = {
			isa = PBXFrameworksBuildPhase;
			buildActionMask = 2147483647;
			files = (
			);
			runOnlyForDeploymentPostprocessing = 0;
		};
/* End PBXFrameworksBuildPhase section */

/* Begin PBXGroup section */
		1A3361FD1E783051006802E7 /* JMQRCode */ = {
			isa = PBXGroup;
			children = (
				1A3361FE1E783051006802E7 /* JMGenerateQRCodeUtils.h */,
				1A3361FF1E783051006802E7 /* JMGenerateQRCodeUtils.m */,
				1A3362001E783051006802E7 /* JMScanningQRCodeUtils.h */,
				1A3362011E783051006802E7 /* JMScanningQRCodeUtils.m */,
				1A3362021E783051006802E7 /* JMScanningQRCodeView.h */,
				1A3362031E783051006802E7 /* JMScanningQRCodeView.m */,
			);
			path = JMQRCode;
			sourceTree = SOURCE_ROOT;
		};
		1A8884461E7523C000D97EA4 = {
			isa = PBXGroup;
			children = (
				1A8884511E7523C000D97EA4 /* JMQRCodeDemo */,
				1A88846B1E7523C100D97EA4 /* JMQRCodeDemoTests */,
				1A8884761E7523C100D97EA4 /* JMQRCodeDemoUITests */,
				1A8884501E7523C000D97EA4 /* Products */,
				1A88848C1E752A7300D97EA4 /* Frameworks */,
			);
			sourceTree = "<group>";
		};
		1A8884501E7523C000D97EA4 /* Products */ = {
			isa = PBXGroup;
			children = (
				1A88844F1E7523C000D97EA4 /* JMQRCodeDemo.app */,
				1A8884681E7523C100D97EA4 /* JMQRCodeDemoTests.xctest */,
				1A8884731E7523C100D97EA4 /* JMQRCodeDemoUITests.xctest */,
			);
			name = Products;
			sourceTree = "<group>";
		};
		1A8884511E7523C000D97EA4 /* JMQRCodeDemo */ = {
			isa = PBXGroup;
			children = (
				1A3361FD1E783051006802E7 /* JMQRCode */,
				1A8884551E7523C000D97EA4 /* AppDelegate.h */,
				1A8884561E7523C000D97EA4 /* AppDelegate.m */,
				1A8884581E7523C000D97EA4 /* ViewController.h */,
				1A8884591E7523C000D97EA4 /* ViewController.m */,
				1A145E9E1E76500F00D532A3 /* JMGenerateQRCodeVC.h */,
				1A145E9F1E76500F00D532A3 /* JMGenerateQRCodeVC.m */,
				1A145EA11E76527100D532A3 /* JMScanningQRCodeVC.h */,
				1A145EA21E76527100D532A3 /* JMScanningQRCodeVC.m */,
				1A145EA41E766B1800D532A3 /* JMScanningResultVC.h */,
				1A145EA51E766B1800D532A3 /* JMScanningResultVC.m */,
				1A8884F11E78207100D97EA4 /* JMQRCodeLoadView.h */,
				1A8884F21E78207100D97EA4 /* JMQRCodeLoadView.m */,
				1A88845B1E7523C000D97EA4 /* Main.storyboard */,
				1A88845E1E7523C000D97EA4 /* Assets.xcassets */,
				1A8884601E7523C000D97EA4 /* LaunchScreen.storyboard */,
				1A8884631E7523C000D97EA4 /* Info.plist */,
				1A8884521E7523C000D97EA4 /* Supporting Files */,
			);
			path = JMQRCodeDemo;
			sourceTree = "<group>";
		};
		1A8884521E7523C000D97EA4 /* Supporting Files */ = {
			isa = PBXGroup;
			children = (
				1A8884531E7523C000D97EA4 /* main.m */,
			);
			name = "Supporting Files";
			sourceTree = "<group>";
		};
		1A88846B1E7523C100D97EA4 /* JMQRCodeDemoTests */ = {
			isa = PBXGroup;
			children = (
				1A88846C1E7523C100D97EA4 /* JMQRCodeDemoTests.m */,
				1A88846E1E7523C100D97EA4 /* Info.plist */,
			);
			path = JMQRCodeDemoTests;
			sourceTree = "<group>";
		};
		1A8884761E7523C100D97EA4 /* JMQRCodeDemoUITests */ = {
			isa = PBXGroup;
			children = (
				1A8884771E7523C100D97EA4 /* JMQRCodeDemoUITests.m */,
				1A8884791E7523C100D97EA4 /* Info.plist */,
			);
			path = JMQRCodeDemoUITests;
			sourceTree = "<group>";
		};
		1A88848C1E752A7300D97EA4 /* Frameworks */ = {
			isa = PBXGroup;
			children = (
				1A88848D1E752A7300D97EA4 /* UIKit.framework */,
			);
			name = Frameworks;
			sourceTree = "<group>";
		};
/* End PBXGroup section */

/* Begin PBXNativeTarget section */
		1A88844E1E7523C000D97EA4 /* JMQRCodeDemo */ = {
			isa = PBXNativeTarget;
			buildConfigurationList = 1A88847C1E7523C100D97EA4 /* Build configuration list for PBXNativeTarget "JMQRCodeDemo" */;
			buildPhases = (
				1A88844B1E7523C000D97EA4 /* Sources */,
				1A88844C1E7523C000D97EA4 /* Frameworks */,
				1A88844D1E7523C000D97EA4 /* Resources */,
			);
			buildRules = (
			);
			dependencies = (
			);
			name = JMQRCodeDemo;
			productName = JMQRCodeDemo;
			productReference = 1A88844F1E7523C000D97EA4 /* JMQRCodeDemo.app */;
			productType = "com.apple.product-type.application";
		};
		1A8884671E7523C100D97EA4 /* JMQRCodeDemoTests */ = {
			isa = PBXNativeTarget;
			buildConfigurationList = 1A88847F1E7523C100D97EA4 /* Build configuration list for PBXNativeTarget "JMQRCodeDemoTests" */;
			buildPhases = (
				1A8884641E7523C100D97EA4 /* Sources */,
				1A8884651E7523C100D97EA4 /* Frameworks */,
				1A8884661E7523C100D97EA4 /* Resources */,
			);
			buildRules = (
			);
			dependencies = (
				1A88846A1E7523C100D97EA4 /* PBXTargetDependency */,
			);
			name = JMQRCodeDemoTests;
			productName = JMQRCodeDemoTests;
			productReference = 1A8884681E7523C100D97EA4 /* JMQRCodeDemoTests.xctest */;
			productType = "com.apple.product-type.bundle.unit-test";
		};
		1A8884721E7523C100D97EA4 /* JMQRCodeDemoUITests */ = {
			isa = PBXNativeTarget;
			buildConfigurationList = 1A8884821E7523C100D97EA4 /* Build configuration list for PBXNativeTarget "JMQRCodeDemoUITests" */;
			buildPhases = (
				1A88846F1E7523C100D97EA4 /* Sources */,
				1A8884701E7523C100D97EA4 /* Frameworks */,
				1A8884711E7523C100D97EA4 /* Resources */,
			);
			buildRules = (
			);
			dependencies = (
				1A8884751E7523C100D97EA4 /* PBXTargetDependency */,
			);
			name = JMQRCodeDemoUITests;
			productName = JMQRCodeDemoUITests;
			productReference = 1A8884731E7523C100D97EA4 /* JMQRCodeDemoUITests.xctest */;
			productType = "com.apple.product-type.bundle.ui-testing";
		};
/* End PBXNativeTarget section */

/* Begin PBXProject section */
		1A8884471E7523C000D97EA4 /* Project object */ = {
			isa = PBXProject;
			attributes = {
				LastUpgradeCheck = 0820;
				ORGANIZATIONNAME = James;
				TargetAttributes = {
					1A88844E1E7523C000D97EA4 = {
						CreatedOnToolsVersion = 8.2.1;
						DevelopmentTeam = 58SDKF7S9Q;
						ProvisioningStyle = Automatic;
					};
					1A8884671E7523C100D97EA4 = {
						CreatedOnToolsVersion = 8.2.1;
						DevelopmentTeam = 58SDKF7S9Q;
						ProvisioningStyle = Automatic;
						TestTargetID = 1A88844E1E7523C000D97EA4;
					};
					1A8884721E7523C100D97EA4 = {
						CreatedOnToolsVersion = 8.2.1;
						DevelopmentTeam = 58SDKF7S9Q;
						ProvisioningStyle = Automatic;
						TestTargetID = 1A88844E1E7523C000D97EA4;
					};
				};
			};
			buildConfigurationList = 1A88844A1E7523C000D97EA4 /* Build configuration list for PBXProject "JMQRCodeDemo" */;
			compatibilityVersion = "Xcode 3.2";
			developmentRegion = English;
			hasScannedForEncodings = 0;
			knownRegions = (
				en,
				Base,
			);
			mainGroup = 1A8884461E7523C000D97EA4;
			productRefGroup = 1A8884501E7523C000D97EA4 /* Products */;
			projectDirPath = "";
			projectRoot = "";
			targets = (
				1A88844E1E7523C000D97EA4 /* JMQRCodeDemo */,
				1A8884671E7523C100D97EA4 /* JMQRCodeDemoTests */,
				1A8884721E7523C100D97EA4 /* JMQRCodeDemoUITests */,
			);
		};
/* End PBXProject section */

/* Begin PBXResourcesBuildPhase section */
		1A88844D1E7523C000D97EA4 /* Resources */ = {
			isa = PBXResourcesBuildPhase;
			buildActionMask = 2147483647;
			files = (
				1A8884621E7523C000D97EA4 /* LaunchScreen.storyboard in Resources */,
				1A88845F1E7523C000D97EA4 /* Assets.xcassets in Resources */,
				1A88845D1E7523C000D97EA4 /* Main.storyboard in Resources */,
			);
			runOnlyForDeploymentPostprocessing = 0;
		};
		1A8884661E7523C100D97EA4 /* Resources */ = {
			isa = PBXResourcesBuildPhase;
			buildActionMask = 2147483647;
			files = (
			);
			runOnlyForDeploymentPostprocessing = 0;
		};
		1A8884711E7523C100D97EA4 /* Resources */ = {
			isa = PBXResourcesBuildPhase;
			buildActionMask = 2147483647;
			files = (
			);
			runOnlyForDeploymentPostprocessing = 0;
		};
/* End PBXResourcesBuildPhase section */

/* Begin PBXSourcesBuildPhase section */
		1A88844B1E7523C000D97EA4 /* Sources */ = {
			isa = PBXSourcesBuildPhase;
			buildActionMask = 2147483647;
			files = (
				1A88845A1E7523C000D97EA4 /* ViewController.m in Sources */,
				1A145EA61E766B1800D532A3 /* JMScanningResultVC.m in Sources */,
				1A3362061E783051006802E7 /* JMScanningQRCodeView.m in Sources */,
				1A8884571E7523C000D97EA4 /* AppDelegate.m in Sources */,
				1A3362041E783051006802E7 /* JMGenerateQRCodeUtils.m in Sources */,
				1A145EA01E76500F00D532A3 /* JMGenerateQRCodeVC.m in Sources */,
				1A8884541E7523C000D97EA4 /* main.m in Sources */,
				1A145EA31E76527100D532A3 /* JMScanningQRCodeVC.m in Sources */,
				1A3362051E783051006802E7 /* JMScanningQRCodeUtils.m in Sources */,
				1A8884F31E78207100D97EA4 /* JMQRCodeLoadView.m in Sources */,
			);
			runOnlyForDeploymentPostprocessing = 0;
		};
		1A8884641E7523C100D97EA4 /* Sources */ = {
			isa = PBXSourcesBuildPhase;
			buildActionMask = 2147483647;
			files = (
				1A88846D1E7523C100D97EA4 /* JMQRCodeDemoTests.m in Sources */,
			);
			runOnlyForDeploymentPostprocessing = 0;
		};
		1A88846F1E7523C100D97EA4 /* Sources */ = {
			isa = PBXSourcesBuildPhase;
			buildActionMask = 2147483647;
			files = (
				1A8884781E7523C100D97EA4 /* JMQRCodeDemoUITests.m in Sources */,
			);
			runOnlyForDeploymentPostprocessing = 0;
		};
/* End PBXSourcesBuildPhase section */

/* Begin PBXTargetDependency section */
		1A88846A1E7523C100D97EA4 /* PBXTargetDependency */ = {
			isa = PBXTargetDependency;
			target = 1A88844E1E7523C000D97EA4 /* JMQRCodeDemo */;
			targetProxy = 1A8884691E7523C100D97EA4 /* PBXContainerItemProxy */;
		};
		1A8884751E7523C100D97EA4 /* PBXTargetDependency */ = {
			isa = PBXTargetDependency;
			target = 1A88844E1E7523C000D97EA4 /* JMQRCodeDemo */;
			targetProxy = 1A8884741E7523C100D97EA4 /* PBXContainerItemProxy */;
		};
/* End PBXTargetDependency section */

/* Begin PBXVariantGroup section */
		1A88845B1E7523C000D97EA4 /* Main.storyboard */ = {
			isa = PBXVariantGroup;
			children = (
				1A88845C1E7523C000D97EA4 /* Base */,
			);
			name = Main.storyboard;
			sourceTree = "<group>";
		};
		1A8884601E7523C000D97EA4 /* LaunchScreen.storyboard */ = {
			isa = PBXVariantGroup;
			children = (
				1A8884611E7523C000D97EA4 /* Base */,
			);
			name = LaunchScreen.storyboard;
			sourceTree = "<group>";
		};
/* End PBXVariantGroup section */

/* Begin XCBuildConfiguration section */
		1A88847A1E7523C100D97EA4 /* Debug */ = {
			isa = XCBuildConfiguration;
			buildSettings = {
				ALWAYS_SEARCH_USER_PATHS = NO;
				CLANG_ANALYZER_NONNULL = YES;
				CLANG_CXX_LANGUAGE_STANDARD = "gnu++0x";
				CLANG_CXX_LIBRARY = "libc++";
				CLANG_ENABLE_MODULES = YES;
				CLANG_ENABLE_OBJC_ARC = YES;
				CLANG_WARN_BOOL_CONVERSION = YES;
				CLANG_WARN_CONSTANT_CONVERSION = YES;
				CLANG_WARN_DIRECT_OBJC_ISA_USAGE = YES_ERROR;
				CLANG_WARN_DOCUMENTATION_COMMENTS = YES;
				CLANG_WARN_EMPTY_BODY = YES;
				CLANG_WARN_ENUM_CONVERSION = YES;
				CLANG_WARN_INFINITE_RECURSION = YES;
				CLANG_WARN_INT_CONVERSION = YES;
				CLANG_WARN_OBJC_ROOT_CLASS = YES_ERROR;
				CLANG_WARN_SUSPICIOUS_MOVE = YES;
				CLANG_WARN_UNREACHABLE_CODE = YES;
				CLANG_WARN__DUPLICATE_METHOD_MATCH = YES;
				"CODE_SIGN_IDENTITY[sdk=iphoneos*]" = "iPhone Developer";
				COPY_PHASE_STRIP = NO;
				DEBUG_INFORMATION_FORMAT = dwarf;
				ENABLE_STRICT_OBJC_MSGSEND = YES;
				ENABLE_TESTABILITY = YES;
				GCC_C_LANGUAGE_STANDARD = gnu99;
				GCC_DYNAMIC_NO_PIC = NO;
				GCC_NO_COMMON_BLOCKS = YES;
				GCC_OPTIMIZATION_LEVEL = 0;
				GCC_PREPROCESSOR_DEFINITIONS = (
					"DEBUG=1",
					"$(inherited)",
				);
				GCC_WARN_64_TO_32_BIT_CONVERSION = YES;
				GCC_WARN_ABOUT_RETURN_TYPE = YES_ERROR;
				GCC_WARN_UNDECLARED_SELECTOR = YES;
				GCC_WARN_UNINITIALIZED_AUTOS = YES_AGGRESSIVE;
				GCC_WARN_UNUSED_FUNCTION = YES;
				GCC_WARN_UNUSED_VARIABLE = YES;
				IPHONEOS_DEPLOYMENT_TARGET = 10.2;
				MTL_ENABLE_DEBUG_INFO = YES;
				ONLY_ACTIVE_ARCH = YES;
				SDKROOT = iphoneos;
				TARGETED_DEVICE_FAMILY = "1,2";
			};
			name = Debug;
		};
		1A88847B1E7523C100D97EA4 /* Release */ = {
			isa = XCBuildConfiguration;
			buildSettings = {
				ALWAYS_SEARCH_USER_PATHS = NO;
				CLANG_ANALYZER_NONNULL = YES;
				CLANG_CXX_LANGUAGE_STANDARD = "gnu++0x";
				CLANG_CXX_LIBRARY = "libc++";
				CLANG_ENABLE_MODULES = YES;
				CLANG_ENABLE_OBJC_ARC = YES;
				CLANG_WARN_BOOL_CONVERSION = YES;
				CLANG_WARN_CONSTANT_CONVERSION = YES;
				CLANG_WARN_DIRECT_OBJC_ISA_USAGE = YES_ERROR;
				CLANG_WARN_DOCUMENTATION_COMMENTS = YES;
				CLANG_WARN_EMPTY_BODY = YES;
				CLANG_WARN_ENUM_CONVERSION = YES;
				CLANG_WARN_INFINITE_RECURSION = YES;
				CLANG_WARN_INT_CONVERSION = YES;
				CLANG_WARN_OBJC_ROOT_CLASS = YES_ERROR;
				CLANG_WARN_SUSPICIOUS_MOVE = YES;
				CLANG_WARN_UNREACHABLE_CODE = YES;
				CLANG_WARN__DUPLICATE_METHOD_MATCH = YES;
				"CODE_SIGN_IDENTITY[sdk=iphoneos*]" = "iPhone Developer";
				COPY_PHASE_STRIP = NO;
				DEBUG_INFORMATION_FORMAT = "dwarf-with-dsym";
				ENABLE_NS_ASSERTIONS = NO;
				ENABLE_STRICT_OBJC_MSGSEND = YES;
				GCC_C_LANGUAGE_STANDARD = gnu99;
				GCC_NO_COMMON_BLOCKS = YES;
				GCC_WARN_64_TO_32_BIT_CONVERSION = YES;
				GCC_WARN_ABOUT_RETURN_TYPE = YES_ERROR;
				GCC_WARN_UNDECLARED_SELECTOR = YES;
				GCC_WARN_UNINITIALIZED_AUTOS = YES_AGGRESSIVE;
				GCC_WARN_UNUSED_FUNCTION = YES;
				GCC_WARN_UNUSED_VARIABLE = YES;
				IPHONEOS_DEPLOYMENT_TARGET = 10.2;
				MTL_ENABLE_DEBUG_INFO = NO;
				SDKROOT = iphoneos;
				TARGETED_DEVICE_FAMILY = "1,2";
				VALIDATE_PRODUCT = YES;
			};
			name = Release;
		};
		1A88847D1E7523C100D97EA4 /* Debug */ = {
			isa = XCBuildConfiguration;
			buildSettings = {
				ASSETCATALOG_COMPILER_APPICON_NAME = AppIcon;
				DEVELOPMENT_TEAM = 58SDKF7S9Q;
				INFOPLIST_FILE = JMQRCodeDemo/Info.plist;
				IPHONEOS_DEPLOYMENT_TARGET = 8.0;
				LD_RUNPATH_SEARCH_PATHS = "$(inherited) @executable_path/Frameworks";
				PRODUCT_BUNDLE_IDENTIFIER = com.hgy.test;
				PRODUCT_NAME = "$(TARGET_NAME)";
			};
			name = Debug;
		};
		1A88847E1E7523C100D97EA4 /* Release */ = {
			isa = XCBuildConfiguration;
			buildSettings = {
				ASSETCATALOG_COMPILER_APPICON_NAME = AppIcon;
				DEVELOPMENT_TEAM = 58SDKF7S9Q;
				INFOPLIST_FILE = JMQRCodeDemo/Info.plist;
				IPHONEOS_DEPLOYMENT_TARGET = 8.0;
				LD_RUNPATH_SEARCH_PATHS = "$(inherited) @executable_path/Frameworks";
				PRODUCT_BUNDLE_IDENTIFIER = com.hgy.test;
				PRODUCT_NAME = "$(TARGET_NAME)";
			};
			name = Release;
		};
		1A8884801E7523C100D97EA4 /* Debug */ = {
			isa = XCBuildConfiguration;
			buildSettings = {
				BUNDLE_LOADER = "$(TEST_HOST)";
				DEVELOPMENT_TEAM = 58SDKF7S9Q;
				INFOPLIST_FILE = JMQRCodeDemoTests/Info.plist;
				LD_RUNPATH_SEARCH_PATHS = "$(inherited) @executable_path/Frameworks @loader_path/Frameworks";
				PRODUCT_BUNDLE_IDENTIFIER = com.hgy.test.JMQRCodeDemoTests;
				PRODUCT_NAME = "$(TARGET_NAME)";
				TEST_HOST = "$(BUILT_PRODUCTS_DIR)/JMQRCodeDemo.app/JMQRCodeDemo";
			};
			name = Debug;
		};
		1A8884811E7523C100D97EA4 /* Release */ = {
			isa = XCBuildConfiguration;
			buildSettings = {
				BUNDLE_LOADER = "$(TEST_HOST)";
				DEVELOPMENT_TEAM = 58SDKF7S9Q;
				INFOPLIST_FILE = JMQRCodeDemoTests/Info.plist;
				LD_RUNPATH_SEARCH_PATHS = "$(inherited) @executable_path/Frameworks @loader_path/Frameworks";
				PRODUCT_BUNDLE_IDENTIFIER = com.hgy.test.JMQRCodeDemoTests;
				PRODUCT_NAME = "$(TARGET_NAME)";
				TEST_HOST = "$(BUILT_PRODUCTS_DIR)/JMQRCodeDemo.app/JMQRCodeDemo";
			};
			name = Release;
		};
		1A8884831E7523C100D97EA4 /* Debug */ = {
			isa = XCBuildConfiguration;
			buildSettings = {
				DEVELOPMENT_TEAM = 58SDKF7S9Q;
				INFOPLIST_FILE = JMQRCodeDemoUITests/Info.plist;
				LD_RUNPATH_SEARCH_PATHS = "$(inherited) @executable_path/Frameworks @loader_path/Frameworks";
				PRODUCT_BUNDLE_IDENTIFIER = com.hgy.test.JMQRCodeDemoUITests;
				PRODUCT_NAME = "$(TARGET_NAME)";
				TEST_TARGET_NAME = JMQRCodeDemo;
			};
			name = Debug;
		};
		1A8884841E7523C100D97EA4 /* Release */ = {
			isa = XCBuildConfiguration;
			buildSettings = {
				DEVELOPMENT_TEAM = 58SDKF7S9Q;
				INFOPLIST_FILE = JMQRCodeDemoUITests/Info.plist;
				LD_RUNPATH_SEARCH_PATHS = "$(inherited) @executable_path/Frameworks @loader_path/Frameworks";
				PRODUCT_BUNDLE_IDENTIFIER = com.hgy.test.JMQRCodeDemoUITests;
				PRODUCT_NAME = "$(TARGET_NAME)";
				TEST_TARGET_NAME = JMQRCodeDemo;
			};
			name = Release;
		};
/* End XCBuildConfiguration section */

/* Begin XCConfigurationList section */
		1A88844A1E7523C000D97EA4 /* Build configuration list for PBXProject "JMQRCodeDemo" */ = {
			isa = XCConfigurationList;
			buildConfigurations = (
				1A88847A1E7523C100D97EA4 /* Debug */,
				1A88847B1E7523C100D97EA4 /* Release */,
			);
			defaultConfigurationIsVisible = 0;
			defaultConfigurationName = Release;
		};
		1A88847C1E7523C100D97EA4 /* Build configuration list for PBXNativeTarget "JMQRCodeDemo" */ = {
			isa = XCConfigurationList;
			buildConfigurations = (
				1A88847D1E7523C100D97EA4 /* Debug */,
				1A88847E1E7523C100D97EA4 /* Release */,
			);
			defaultConfigurationIsVisible = 0;
			defaultConfigurationName = Release;
		};
		1A88847F1E7523C100D97EA4 /* Build configuration list for PBXNativeTarget "JMQRCodeDemoTests" */ = {
			isa = XCConfigurationList;
			buildConfigurations = (
				1A8884801E7523C100D97EA4 /* Debug */,
				1A8884811E7523C100D97EA4 /* Release */,
			);
			defaultConfigurationIsVisible = 0;
			defaultConfigurationName = Release;
		};
		1A8884821E7523C100D97EA4 /* Build configuration list for PBXNativeTarget "JMQRCodeDemoUITests" */ = {
			isa = XCConfigurationList;
			buildConfigurations = (
				1A8884831E7523C100D97EA4 /* Debug */,
				1A8884841E7523C100D97EA4 /* Release */,
			);
			defaultConfigurationIsVisible = 0;
			defaultConfigurationName = Release;
		};
/* End XCConfigurationList section */
	};
	rootObject = 1A8884471E7523C000D97EA4 /* Project object */;
}
